
Microsoft Visual Studio Solution File, Format Version 9.00
# Visual Studio 2005
Project("{FAE04EC0-301F-11D3-BF4B-00C04F79EFBC}") = "MorseDecoder", "MorseDecoder\MorseDecoder.csproj", "{4AF16AA0-C3A8-45C7-8324-0C161077A722}"
EndProject
Global
	GlobalSection(SolutionConfigurationPlatforms) = preSolution
		Debug|Any CPU = Debug|Any CPU
		Release|Any CPU = Release|Any CPU
	EndGlobalSection
	GlobalSection(ProjectConfigurationPlatforms) = postSolution
		{4AF16AA0-C3A8-45C7-8324-0C161077A722}.Debug|Any CPU.ActiveCfg = Debug|Any CPU
		{4AF16AA0-C3A8-45C7-8324-0C161077A722}.Debug|Any CPU.Build.0 = Debug|Any CPU
		{4AF16AA0-C3A8-45C7-8324-0C161077A722}.Release|Any CPU.ActiveCfg = Release|Any CPU
		{4AF16AA0-C3A8-45C7-8324-0C161077A722}.Release|Any CPU.Build.0 = Release|Any CPU
	EndGlobalSection
	GlobalSection(SolutionProperties) = preSolution
		HideSolutionNode = FALSE
	EndGlobalSection
EndGlobal
